
Microsoft Visual Studio Solution File, Format Version 12.00
# Visual Studio 15
VisualStudioVersion = 15.0.26730.16
MinimumVisualStudioVersion = 10.0.40219.1
Project("{F184B08F-C81C-45F6-A57F-5ABD9991F28F}") = "ProcessInformation", "ProcessInformation\ProcessInformation.vbproj", "{CF416B8D-ED56-48EE-B584-6EAAE7F19F66}"
EndProject
Global
	GlobalSection(SolutionConfigurationPlatforms) = preSolution
		Debug|Any CPU = Debug|Any CPU
		Release|Any CPU = Release|Any CPU
	EndGlobalSection
	GlobalSection(ProjectConfigurationPlatforms) = postSolution
		{CF416B8D-ED56-48EE-B584-6EAAE7F19F66}.Debug|Any CPU.ActiveCfg = Debug|Any CPU
		{CF416B8D-ED56-48EE-B584-6EAAE7F19F66}.Debug|Any CPU.Build.0 = Debug|Any CPU
		{CF416B8D-ED56-48EE-B584-6EAAE7F19F66}.Release|Any CPU.ActiveCfg = Release|Any CPU
		{CF416B8D-ED56-48EE-B584-6EAAE7F19F66}.Release|Any CPU.Build.0 = Release|Any CPU
	EndGlobalSection
	GlobalSection(SolutionProperties) = preSolution
		HideSolutionNode = FALSE
	EndGlobalSection
	GlobalSection(ExtensibilityGlobals) = postSolution
		SolutionGuid = {23251ADF-C0AF-4943-BF96-6B2B3492F1FE}
	EndGlobalSection
EndGlobal
